PODS:
  - FBSnapshotTestCase (2.1.4):
    - FBSnapshotTestCase/SwiftSupport (= 2.1.4)
  - FBSnapshotTestCase/Core (2.1.4)
  - FBSnapshotTestCase/SwiftSupport (2.1.4):
    - FBSnapshotTestCase/Core
  - iOSSnapshotTestCase (6.0.2):
    - iOSSnapshotTestCase/SwiftSupport (= 6.0.2)
  - iOSSnapshotTestCase/Core (6.0.2)
  - iOSSnapshotTestCase/SwiftSupport (6.0.2):
    - iOSSnapshotTestCase/Core
  - iStatusView (0.3.1)
  - Nimble (8.0.1)
  - Nimble-Snapshots (7.0.0):
    - Nimble-Snapshots/Core (= 7.0.0)
  - Nimble-Snapshots/Core (7.0.0):
    - iOSSnapshotTestCase (~> 6.0)
    - Nimble (~> 8.0)
  - Quick (1.2.0)
  - SnapKit (4.2.0)
  - SVProgressHUD (2.2.5)

DEPENDENCIES:
  - FBSnapshotTestCase (~> 2.1.4)
  - iStatusView (from `../`)
  - Nimble (~> 8.0)
  - Nimble-Snapshots (~> 7.0)
  - Quick (~> 1.2.0)
  - SnapKit
  - SVProgressHUD

SPEC REPOS:
  https://github.com/cocoapods/specs.git:
    - FBSnapshotTestCase
    - iOSSnapshotTestCase
    - Nimble
    - Nimble-Snapshots
    - Quick
    - SnapKit
    - SVProgressHUD

EXTERNAL SOURCES:
  iStatusView:
    :path: "../"

SPEC CHECKSUMS:
  FBSnapshotTestCase: 094f9f314decbabe373b87cc339bea235a63e07a
  iOSSnapshotTestCase: 20083a7be9b8ef742610e16c79f15ad829441f29
  iStatusView: 4b774171417a9636a8d2e3a0ada6575fec647d59
  Nimble: 45f786ae66faa9a709624227fae502db55a8bdd0
  Nimble-Snapshots: 2d6d712ceb2d1850d88f850fbd7c732618106022
  Quick: 58d203b1c5e27fff7229c4c1ae445ad7069a7a08
  SnapKit: fe8a619752f3f27075cc9a90244d75c6c3f27e2a
  SVProgressHUD: 1428aafac632c1f86f62aa4243ec12008d7a51d6

PODFILE CHECKSUM: d5321adb1d9cb08c8c51a7a80181f20b1131ee59

COCOAPODS: 1.6.0
